
Microsoft Visual Studio Solution File, Format Version 12.00
# Visual Studio Version 17
VisualStudioVersion = 17.7.34202.233
MinimumVisualStudioVersion = 10.0.40219.1
Project("{FAE04EC0-301F-11D3-BF4B-00C04F79EFBC}") = "ShopOnline.Web", "ShopOnline.Web\ShopOnline.Web.csproj", "{5717D382-5550-4A7E-A232-767FE8C82A8D}"
EndProject
Project("{FAE04EC0-301F-11D3-BF4B-00C04F79EFBC}") = "ShopOnline.Api", "ShopOnline.Api\ShopOnline.Api.csproj", "{C98CC444-0A3E-426E-A316-B830120CA683}"
EndProject
Project("{FAE04EC0-301F-11D3-BF4B-00C04F79EFBC}") = "ShopOnline.Models", "ShopOnline.Models\ShopOnline.Models.csproj", "{657AAAED-8869-401A-87B4-9BF6DA39E952}"
EndProject
Global
	GlobalSection(SolutionConfigurationPlatforms) = preSolution
		Debug|Any CPU = Debug|Any CPU
		Release|Any CPU = Release|Any CPU
	EndGlobalSection
	GlobalSection(ProjectConfigurationPlatforms) = postSolution
		{5717D382-5550-4A7E-A232-767FE8C82A8D}.Debug|Any CPU.ActiveCfg = Debug|Any CPU
		{5717D382-5550-4A7E-A232-767FE8C82A8D}.Debug|Any CPU.Build.0 = Debug|Any CPU
		{5717D382-5550-4A7E-A232-767FE8C82A8D}.Release|Any CPU.ActiveCfg = Release|Any CPU
		{5717D382-5550-4A7E-A232-767FE8C82A8D}.Release|Any CPU.Build.0 = Release|Any CPU
		{C98CC444-0A3E-426E-A316-B830120CA683}.Debug|Any CPU.ActiveCfg = Debug|Any CPU
		{C98CC444-0A3E-426E-A316-B830120CA683}.Debug|Any CPU.Build.0 = Debug|Any CPU
		{C98CC444-0A3E-426E-A316-B830120CA683}.Release|Any CPU.ActiveCfg = Release|Any CPU
		{C98CC444-0A3E-426E-A316-B830120CA683}.Release|Any CPU.Build.0 = Release|Any CPU
		{657AAAED-8869-401A-87B4-9BF6DA39E952}.Debug|Any CPU.ActiveCfg = Debug|Any CPU
		{657AAAED-8869-401A-87B4-9BF6DA39E952}.Debug|Any CPU.Build.0 = Debug|Any CPU
		{657AAAED-8869-401A-87B4-9BF6DA39E952}.Release|Any CPU.ActiveCfg = Release|Any CPU
		{657AAAED-8869-401A-87B4-9BF6DA39E952}.Release|Any CPU.Build.0 = Release|Any CPU
	EndGlobalSection
	GlobalSection(SolutionProperties) = preSolution
		HideSolutionNode = FALSE
	EndGlobalSection
	GlobalSection(ExtensibilityGlobals) = postSolution
		SolutionGuid = {7E8E9F0B-3951-42C6-9F50-0448B70F494D}
	EndGlobalSection
EndGlobal
